
Microsoft Visual Studio Solution File, Format Version 12.00
# Visual Studio 15
VisualStudioVersion = 15.0.28307.645
MinimumVisualStudioVersion = 10.0.40219.1
Project("{8BC9CEB8-8B4A-11D0-8D11-00A0C91BC942}") = "DXEngine01_WinSetup", "DXEngine01_WinSetup\DXEngine01_WinSetup.vcxproj", "{E5CE59C5-60CD-4254-ADB1-30C842AB36AD}"
EndProject
Project("{8BC9CEB8-8B4A-11D0-8D11-00A0C91BC942}") = "DXEngine02_DXSetup", "DXEngine02_DXSetup\DXEngine02_DXSetup.vcxproj", "{E236249D-8129-41C2-9DB2-517ED693D821}"
EndProject
Project("{8BC9CEB8-8B4A-11D0-8D11-00A0C91BC942}") = "DXEngine03_Draw", "DXEngine03_Draw\DXEngine03_Draw.vcxproj", "{59CF0E68-B2FE-4363-8DD3-2B70E209E927}"
EndProject
Project("{8BC9CEB8-8B4A-11D0-8D11-00A0C91BC942}") = "DXEngine04_VertexColor", "DXEngine04_VertexColor\DXEngine04_VertexColor.vcxproj", "{A7605F99-7E9A-4366-9D6D-FF5DBB56C140}"
EndProject
Project("{8BC9CEB8-8B4A-11D0-8D11-00A0C91BC942}") = "DXEngine05_IndexBuffer", "DXEngine05_IndexBuffer\DXEngine05_IndexBuffer.vcxproj", "{ADC1B563-2458-4A6F-BF4F-B95E8360C688}"
EndProject
Project("{8BC9CEB8-8B4A-11D0-8D11-00A0C91BC942}") = "DXEngine06_WVP", "DXEngine06_WVP\DXEngine06_WVP.vcxproj", "{8D824E33-1A80-47B4-AB7F-257483F737C8}"
EndProject
Project("{8BC9CEB8-8B4A-11D0-8D11-00A0C91BC942}") = "DXEngine07_TextureMapping", "DXEngine07_TextureMapping\DXEngine07_TextureMapping.vcxproj", "{1A4F42C0-4FED-455B-B35B-83594C70F2E0}"
EndProject
Project("{8BC9CEB8-8B4A-11D0-8D11-00A0C91BC942}") = "DXEngine08_FBXLoader", "DXEngine08_FBXLoader\DXEngine08_FBXLoader.vcxproj", "{935AAF3E-968C-416D-ADB3-2990A83F67F7}"
EndProject
Project("{8BC9CEB8-8B4A-11D0-8D11-00A0C91BC942}") = "DXEngine09_Dffuse", "DXEngine09_Dffuse\DXEngine09_Dffuse.vcxproj", "{E295E3F1-EFB7-466B-BC94-B05506D36223}"
EndProject
Project("{8BC9CEB8-8B4A-11D0-8D11-00A0C91BC942}") = "DXEngine10_Specular", "DXEngine10_Specular\DXEngine10_Specular.vcxproj", "{62EF358D-AFA5-4566-A084-BEBD0DEF03A6}"
EndProject
Project("{8BC9CEB8-8B4A-11D0-8D11-00A0C91BC942}") = "DXEngine11_Toon", "DXEngine11_Toon\DXEngine11_Toon.vcxproj", "{DEB23D69-EE8E-41A2-AAB5-78D937E0B052}"
EndProject
Project("{8BC9CEB8-8B4A-11D0-8D11-00A0C91BC942}") = "DXEngine12_Material", "DXEngine12_Material\DXEngine12_Material.vcxproj", "{6AF45115-768D-43AB-9A8B-52399B77CC1F}"
EndProject
Global
	GlobalSection(SolutionConfigurationPlatforms) = preSolution
		Debug|x64 = Debug|x64
		Debug|x86 = Debug|x86
		Release|x64 = Release|x64
		Release|x86 = Release|x86
	EndGlobalSection
	GlobalSection(ProjectConfigurationPlatforms) = postSolution
		{E5CE59C5-60CD-4254-ADB1-30C842AB36AD}.Debug|x64.ActiveCfg = Debug|x64
		{E5CE59C5-60CD-4254-ADB1-30C842AB36AD}.Debug|x64.Build.0 = Debug|x64
		{E5CE59C5-60CD-4254-ADB1-30C842AB36AD}.Debug|x86.ActiveCfg = Debug|Win32
		{E5CE59C5-60CD-4254-ADB1-30C842AB36AD}.Debug|x86.Build.0 = Debug|Win32
		{E5CE59C5-60CD-4254-ADB1-30C842AB36AD}.Release|x64.ActiveCfg = Release|x64
		{E5CE59C5-60CD-4254-ADB1-30C842AB36AD}.Release|x64.Build.0 = Release|x64
		{E5CE59C5-60CD-4254-ADB1-30C842AB36AD}.Release|x86.ActiveCfg = Release|Win32
		{E5CE59C5-60CD-4254-ADB1-30C842AB36AD}.Release|x86.Build.0 = Release|Win32
		{E236249D-8129-41C2-9DB2-517ED693D821}.Debug|x64.ActiveCfg = Debug|x64
		{E236249D-8129-41C2-9DB2-517ED693D821}.Debug|x64.Build.0 = Debug|x64
		{E236249D-8129-41C2-9DB2-517ED693D821}.Debug|x86.ActiveCfg = Debug|Win32
		{E236249D-8129-41C2-9DB2-517ED693D821}.Debug|x86.Build.0 = Debug|Win32
		{E236249D-8129-41C2-9DB2-517ED693D821}.Release|x64.ActiveCfg = Release|x64
		{E236249D-8129-41C2-9DB2-517ED693D821}.Release|x64.Build.0 = Release|x64
		{E236249D-8129-41C2-9DB2-517ED693D821}.Release|x86.ActiveCfg = Release|Win32
		{E236249D-8129-41C2-9DB2-517ED693D821}.Release|x86.Build.0 = Release|Win32
		{59CF0E68-B2FE-4363-8DD3-2B70E209E927}.Debug|x64.ActiveCfg = Debug|x64
		{59CF0E68-B2FE-4363-8DD3-2B70E209E927}.Debug|x64.Build.0 = Debug|x64
		{59CF0E68-B2FE-4363-8DD3-2B70E209E927}.Debug|x86.ActiveCfg = Debug|Win32
		{59CF0E68-B2FE-4363-8DD3-2B70E209E927}.Debug|x86.Build.0 = Debug|Win32
		{59CF0E68-B2FE-4363-8DD3-2B70E209E927}.Release|x64.ActiveCfg = Release|x64
		{59CF0E68-B2FE-4363-8DD3-2B70E209E927}.Release|x64.Build.0 = Release|x64
		{59CF0E68-B2FE-4363-8DD3-2B70E209E927}.Release|x86.ActiveCfg = Release|Win32
		{59CF0E68-B2FE-4363-8DD3-2B70E209E927}.Release|x86.Build.0 = Release|Win32
		{A7605F99-7E9A-4366-9D6D-FF5DBB56C140}.Debug|x64.ActiveCfg = Debug|x64
		{A7605F99-7E9A-4366-9D6D-FF5DBB56C140}.Debug|x64.Build.0 = Debug|x64
		{A7605F99-7E9A-4366-9D6D-FF5DBB56C140}.Debug|x86.ActiveCfg = Debug|Win32
		{A7605F99-7E9A-4366-9D6D-FF5DBB56C140}.Debug|x86.Build.0 = Debug|Win32
		{A7605F99-7E9A-4366-9D6D-FF5DBB56C140}.Release|x64.ActiveCfg = Release|x64
		{A7605F99-7E9A-4366-9D6D-FF5DBB56C140}.Release|x64.Build.0 = Release|x64
		{A7605F99-7E9A-4366-9D6D-FF5DBB56C140}.Release|x86.ActiveCfg = Release|Win32
		{A7605F99-7E9A-4366-9D6D-FF5DBB56C140}.Release|x86.Build.0 = Release|Win32
		{ADC1B563-2458-4A6F-BF4F-B95E8360C688}.Debug|x64.ActiveCfg = Debug|x64
		{ADC1B563-2458-4A6F-BF4F-B95E8360C688}.Debug|x64.Build.0 = Debug|x64
		{ADC1B563-2458-4A6F-BF4F-B95E8360C688}.Debug|x86.ActiveCfg = Debug|Win32
		{ADC1B563-2458-4A6F-BF4F-B95E8360C688}.Debug|x86.Build.0 = Debug|Win32
		{ADC1B563-2458-4A6F-BF4F-B95E8360C688}.Release|x64.ActiveCfg = Release|x64
		{ADC1B563-2458-4A6F-BF4F-B95E8360C688}.Release|x64.Build.0 = Release|x64
		{ADC1B563-2458-4A6F-BF4F-B95E8360C688}.Release|x86.ActiveCfg = Release|Win32
		{ADC1B563-2458-4A6F-BF4F-B95E8360C688}.Release|x86.Build.0 = Release|Win32
		{8D824E33-1A80-47B4-AB7F-257483F737C8}.Debug|x64.ActiveCfg = Debug|x64
		{8D824E33-1A80-47B4-AB7F-257483F737C8}.Debug|x64.Build.0 = Debug|x64
		{8D824E33-1A80-47B4-AB7F-257483F737C8}.Debug|x86.ActiveCfg = Debug|Win32
		{8D824E33-1A80-47B4-AB7F-257483F737C8}.Debug|x86.Build.0 = Debug|Win32
		{8D824E33-1A80-47B4-AB7F-257483F737C8}.Release|x64.ActiveCfg = Release|x64
		{8D824E33-1A80-47B4-AB7F-257483F737C8}.Release|x64.Build.0 = Release|x64
		{8D824E33-1A80-47B4-AB7F-257483F737C8}.Release|x86.ActiveCfg = Release|Win32
		{8D824E33-1A80-47B4-AB7F-257483F737C8}.Release|x86.Build.0 = Release|Win32
		{1A4F42C0-4FED-455B-B35B-83594C70F2E0}.Debug|x64.ActiveCfg = Debug|x64
		{1A4F42C0-4FED-455B-B35B-83594C70F2E0}.Debug|x64.Build.0 = Debug|x64
		{1A4F42C0-4FED-455B-B35B-83594C70F2E0}.Debug|x86.ActiveCfg = Debug|Win32
		{1A4F42C0-4FED-455B-B35B-83594C70F2E0}.Debug|x86.Build.0 = Debug|Win32
		{1A4F42C0-4FED-455B-B35B-83594C70F2E0}.Release|x64.ActiveCfg = Release|x64
		{1A4F42C0-4FED-455B-B35B-83594C70F2E0}.Release|x64.Build.0 = Release|x64
		{1A4F42C0-4FED-455B-B35B-83594C70F2E0}.Release|x86.ActiveCfg = Release|Win32
		{1A4F42C0-4FED-455B-B35B-83594C70F2E0}.Release|x86.Build.0 = Release|Win32
		{935AAF3E-968C-416D-ADB3-2990A83F67F7}.Debug|x64.ActiveCfg = Debug|x64
		{935AAF3E-968C-416D-ADB3-2990A83F67F7}.Debug|x64.Build.0 = Debug|x64
		{935AAF3E-968C-416D-ADB3-2990A83F67F7}.Debug|x86.ActiveCfg = Debug|Win32
		{935AAF3E-968C-416D-ADB3-2990A83F67F7}.Debug|x86.Build.0 = Debug|Win32
		{935AAF3E-968C-416D-ADB3-2990A83F67F7}.Release|x64.ActiveCfg = Release|x64
		{935AAF3E-968C-416D-ADB3-2990A83F67F7}.Release|x64.Build.0 = Release|x64
		{935AAF3E-968C-416D-ADB3-2990A83F67F7}.Release|x86.ActiveCfg = Release|Win32
		{935AAF3E-968C-416D-ADB3-2990A83F67F7}.Release|x86.Build.0 = Release|Win32
		{E295E3F1-EFB7-466B-BC94-B05506D36223}.Debug|x64.ActiveCfg = Debug|x64
		{E295E3F1-EFB7-466B-BC94-B05506D36223}.Debug|x64.Build.0 = Debug|x64
		{E295E3F1-EFB7-466B-BC94-B05506D36223}.Debug|x86.ActiveCfg = Debug|Win32
		{E295E3F1-EFB7-466B-BC94-B05506D36223}.Debug|x86.Build.0 = Debug|Win32
		{E295E3F1-EFB7-466B-BC94-B05506D36223}.Release|x64.ActiveCfg = Release|x64
		{E295E3F1-EFB7-466B-BC94-B05506D36223}.Release|x64.Build.0 = Release|x64
		{E295E3F1-EFB7-466B-BC94-B05506D36223}.Release|x86.ActiveCfg = Release|Win32
		{E295E3F1-EFB7-466B-BC94-B05506D36223}.Release|x86.Build.0 = Release|Win32
		{62EF358D-AFA5-4566-A084-BEBD0DEF03A6}.Debug|x64.ActiveCfg = Debug|x64
		{62EF358D-AFA5-4566-A084-BEBD0DEF03A6}.Debug|x64.Build.0 = Debug|x64
		{62EF358D-AFA5-4566-A084-BEBD0DEF03A6}.Debug|x86.ActiveCfg = Debug|Win32
		{62EF358D-AFA5-4566-A084-BEBD0DEF03A6}.Debug|x86.Build.0 = Debug|Win32
		{62EF358D-AFA5-4566-A084-BEBD0DEF03A6}.Release|x64.ActiveCfg = Release|x64
		{62EF358D-AFA5-4566-A084-BEBD0DEF03A6}.Release|x64.Build.0 = Release|x64
		{62EF358D-AFA5-4566-A084-BEBD0DEF03A6}.Release|x86.ActiveCfg = Release|Win32
		{62EF358D-AFA5-4566-A084-BEBD0DEF03A6}.Release|x86.Build.0 = Release|Win32
		{DEB23D69-EE8E-41A2-AAB5-78D937E0B052}.Debug|x64.ActiveCfg = Debug|x64
		{DEB23D69-EE8E-41A2-AAB5-78D937E0B052}.Debug|x64.Build.0 = Debug|x64
		{DEB23D69-EE8E-41A2-AAB5-78D937E0B052}.Debug|x86.ActiveCfg = Debug|Win32
		{DEB23D69-EE8E-41A2-AAB5-78D937E0B052}.Debug|x86.Build.0 = Debug|Win32
		{DEB23D69-EE8E-41A2-AAB5-78D937E0B052}.Release|x64.ActiveCfg = Release|x64
		{DEB23D69-EE8E-41A2-AAB5-78D937E0B052}.Release|x64.Build.0 = Release|x64
		{DEB23D69-EE8E-41A2-AAB5-78D937E0B052}.Release|x86.ActiveCfg = Release|Win32
		{DEB23D69-EE8E-41A2-AAB5-78D937E0B052}.Release|x86.Build.0 = Release|Win32
		{6AF45115-768D-43AB-9A8B-52399B77CC1F}.Debug|x64.ActiveCfg = Debug|x64
		{6AF45115-768D-43AB-9A8B-52399B77CC1F}.Debug|x64.Build.0 = Debug|x64
		{6AF45115-768D-43AB-9A8B-52399B77CC1F}.Debug|x86.ActiveCfg = Debug|Win32
		{6AF45115-768D-43AB-9A8B-52399B77CC1F}.Debug|x86.Build.0 = Debug|Win32
		{6AF45115-768D-43AB-9A8B-52399B77CC1F}.Release|x64.ActiveCfg = Release|x64
		{6AF45115-768D-43AB-9A8B-52399B77CC1F}.Release|x64.Build.0 = Release|x64
		{6AF45115-768D-43AB-9A8B-52399B77CC1F}.Release|x86.ActiveCfg = Release|Win32
		{6AF45115-768D-43AB-9A8B-52399B77CC1F}.Release|x86.Build.0 = Release|Win32
	EndGlobalSection
	GlobalSection(SolutionProperties) = preSolution
		HideSolutionNode = FALSE
	EndGlobalSection
	GlobalSection(ExtensibilityGlobals) = postSolution
		SolutionGuid = {0066ADEC-5A05-4446-AA84-5C655AAC5F0E}
	EndGlobalSection
EndGlobal
